
Microsoft Visual Studio Solution File, Format Version 12.00
# Visual Studio 15
VisualStudioVersion = 15.0.27703.2042
MinimumVisualStudioVersion = 10.0.40219.1
Project("{2150E333-8FDC-42A3-9474-1A3956D46DE8}") = "Application", "Application", "{C6F632EA-9231-4272-A421-88683A6FC529}"
EndProject
Project("{2150E333-8FDC-42A3-9474-1A3956D46DE8}") = "DB", "DB", "{3AEC17BA-3257-4161-9924-7A97AB45BA76}"
EndProject
Project("{2150E333-8FDC-42A3-9474-1A3956D46DE8}") = "Dev", "Dev", "{E62585D9-8C1A-46FD-B529-86D742BD7C3D}"
EndProject
Project("{2150E333-8FDC-42A3-9474-1A3956D46DE8}") = "Util", "Util", "{51E41C06-0583-46DD-8704-DA03B979ED1E}"
EndProject
Project("{9A19103F-16F7-4668-BE54-9A1E7A4F7556}") = "MicBeach.Develop", "Dev\MicBeach.Develop\MicBeach.Develop.csproj", "{3F2CBA28-F581-430B-8900-36E75981D9F5}"
EndProject
Project("{9A19103F-16F7-4668-BE54-9A1E7A4F7556}") = "MicBeach.Util", "Util\MicBeach.Util\MicBeach.Util.csproj", "{5C9B2A22-12B2-4805-9C5B-75F2DC8E466A}"
EndProject
Project("{9A19103F-16F7-4668-BE54-9A1E7A4F7556}") = "MicBeach.DB", "DB\MicBeach.DB\MicBeach.DB.csproj", "{99EE3D5D-25B5-457E-8EE9-3753BBF667BA}"
EndProject
Project("{9A19103F-16F7-4668-BE54-9A1E7A4F7556}") = "MicBeach.DB.MySQL", "DB\MicBeach.DB.MySQL\MicBeach.DB.MySQL.csproj", "{1A349A43-8EE6-4AA0-BB25-BD42C93E3D71}"
EndProject
Project("{9A19103F-16F7-4668-BE54-9A1E7A4F7556}") = "MicBeach.DB.SQLServer", "DB\MicBeach.DB.SQLServer\MicBeach.DB.SQLServer.csproj", "{53E45F9C-120F-4501-8771-94DD17789662}"
EndProject
Project("{2150E333-8FDC-42A3-9474-1A3956D46DE8}") = "Site", "Site", "{8B6B2A3C-2AD8-4F4C-8ECE-222BFD6ACD3D}"
EndProject
Project("{2150E333-8FDC-42A3-9474-1A3956D46DE8}") = "Logic", "Logic", "{206374A2-D876-4366-9E51-36810028E3EF}"
EndProject
Project("{2150E333-8FDC-42A3-9474-1A3956D46DE8}") = "Infrastructure", "Infrastructure", "{C3A79B13-D4F6-43B3-9034-8F77D8DCEB2D}"
EndProject
Project("{2150E333-8FDC-42A3-9474-1A3956D46DE8}") = "Business", "Business", "{C88F887E-3157-4AD8-A1DC-1329C768F169}"
EndProject
Project("{2150E333-8FDC-42A3-9474-1A3956D46DE8}") = "Service", "Service", "{0798567D-2294-4FA5-8CDF-2AC8E9E8D559}"
EndProject
Project("{2150E333-8FDC-42A3-9474-1A3956D46DE8}") = "Domain", "Domain", "{DF0B13A1-F52B-4610-A326-4E55C655A67D}"
EndProject
Project("{2150E333-8FDC-42A3-9474-1A3956D46DE8}") = "Impl", "Impl", "{DF3BA87E-5CAA-4DBE-AF83-3BBAEC2C9B3E}"
EndProject
Project("{9A19103F-16F7-4668-BE54-9A1E7A4F7556}") = "MicBeach.Domain.Sys", "Application\Logic\Business\Domain\MicBeach.Domain.Sys\MicBeach.Domain.Sys.csproj", "{2186B006-BB34-40F7-803B-332A4B9A1ABE}"
EndProject
Project("{9A19103F-16F7-4668-BE54-9A1E7A4F7556}") = "MicBeach.Business.Sys", "Application\Logic\Business\Impl\MicBeach.Business.Sys\MicBeach.Business.Sys.csproj", "{5DF3A858-D653-4EE7-AA1B-0501735360C0}"
EndProject
Project("{9A19103F-16F7-4668-BE54-9A1E7A4F7556}") = "MicBeach.Service.Sys", "Application\Logic\Service\MicBeach.Service.Sys\MicBeach.Service.Sys.csproj", "{C404DF2E-7887-43A1-9409-19B97F25807D}"
EndProject
Project("{2150E333-8FDC-42A3-9474-1A3956D46DE8}") = "Config", "Config", "{C56E5EF7-DEE7-44CD-89B9-3E00FE6CFDF0}"
EndProject
Project("{2150E333-8FDC-42A3-9474-1A3956D46DE8}") = "Contract", "Contract", "{0F75C44C-12D7-4DDE-B48C-99FF871BF534}"
EndProject
Project("{2150E333-8FDC-42A3-9474-1A3956D46DE8}") = "DataAccess", "DataAccess", "{8AF257F4-8994-4218-963D-8FC33A4BDA99}"
EndProject
Project("{2150E333-8FDC-42A3-9474-1A3956D46DE8}") = "Model", "Model", "{86356174-BBC9-42AF-9DC6-A520600EE40F}"
EndProject
Project("{2150E333-8FDC-42A3-9474-1A3956D46DE8}") = "Repository", "Repository", "{C761871D-A1B5-4F4F-BCB0-63658CE1430A}"
EndProject
Project("{9A19103F-16F7-4668-BE54-9A1E7A4F7556}") = "App.IoC", "Application\Infrastructure\Config\App.IoC\App.IoC.csproj", "{B4600E83-F050-4F57-8D77-D89E012F8807}"
EndProject
Project("{9A19103F-16F7-4668-BE54-9A1E7A4F7556}") = "App.Mapper", "Application\Infrastructure\Config\App.Mapper\App.Mapper.csproj", "{DCECCAD5-32F4-4516-A077-44692DB0B9C8}"
EndProject
Project("{9A19103F-16F7-4668-BE54-9A1E7A4F7556}") = "App.DBConfig", "Application\Infrastructure\Config\AppDBConfig\App.DBConfig.csproj", "{917CC802-A22B-4BC9-85F3-D5173D2644EC}"
EndProject
Project("{9A19103F-16F7-4668-BE54-9A1E7A4F7556}") = "Site.Cms.Config", "Application\Infrastructure\Config\Site.Cms.Config\Site.Cms.Config.csproj", "{1B599312-5CBF-492C-8369-0644A42C4553}"
EndProject
Project("{2150E333-8FDC-42A3-9474-1A3956D46DE8}") = "Business", "Business", "{8A4AD8E0-ABBF-460C-AE35-A56039761C3E}"
EndProject
Project("{2150E333-8FDC-42A3-9474-1A3956D46DE8}") = "DataAccess", "DataAccess", "{0E985654-AE0C-4694-B76D-741FCCF21C83}"
EndProject
Project("{2150E333-8FDC-42A3-9474-1A3956D46DE8}") = "Service", "Service", "{B88538B1-DAD3-47CF-B101-19808307ADBF}"
EndProject
Project("{9A19103F-16F7-4668-BE54-9A1E7A4F7556}") = "MicBeach.BusinessContract.Sys", "Application\Infrastructure\Contract\Business\MicBeach.BusinessContract.Sys\MicBeach.BusinessContract.Sys.csproj", "{AF9DA2ED-8120-49C6-A148-D44DE32664F5}"
EndProject
Project("{9A19103F-16F7-4668-BE54-9A1E7A4F7556}") = "MicBeach.DataAccessContract.Sys", "Application\Infrastructure\Contract\DataAccess\MicBeach.DataAccessContract.Sys\MicBeach.DataAccessContract.Sys.csproj", "{9107F40E-FEDB-4022-BC56-236FF554C222}"
EndProject
Project("{9A19103F-16F7-4668-BE54-9A1E7A4F7556}") = "MicBeach.ServiceContract.Sys", "Application\Infrastructure\Contract\Service\MicBeach.ServiceContract.Sys\MicBeach.ServiceContract.Sys.csproj", "{8B292CF5-CF10-439C-9C64-292956E8108C}"
EndProject
Project("{9A19103F-16F7-4668-BE54-9A1E7A4F7556}") = "MicBeach.DataAccess.Sys", "Application\Infrastructure\DataAccess\MicBeach.DataAccess.Sys\MicBeach.DataAccess.Sys.csproj", "{ABE4EC60-0EAC-44F7-ADD5-4DAFD759E713}"
EndProject
Project("{2150E333-8FDC-42A3-9474-1A3956D46DE8}") = "DTO", "DTO", "{7F9D3FB8-A9AE-42B1-8FFF-807ADF44D746}"
EndProject
Project("{2150E333-8FDC-42A3-9474-1A3956D46DE8}") = "Entity", "Entity", "{5C9F83F5-3A8F-47DD-9A04-7E12B659ED11}"
EndProject
Project("{2150E333-8FDC-42A3-9474-1A3956D46DE8}") = "Presentation", "Presentation", "{A177E204-07B1-424B-89BB-E04A04C583A7}"
EndProject
Project("{2150E333-8FDC-42A3-9474-1A3956D46DE8}") = "Query", "Query", "{B27736E9-7B75-4AD6-BF08-C88FB99EC98E}"
EndProject
Project("{9A19103F-16F7-4668-BE54-9A1E7A4F7556}") = "MicBeach.DTO.Sys", "Application\Infrastructure\Model\DTO\MicBeach.DTO.Sys\MicBeach.DTO.Sys.csproj", "{2AC7FFCE-BA23-42C8-99B3-3F8EC3FAE8D1}"
EndProject
Project("{9A19103F-16F7-4668-BE54-9A1E7A4F7556}") = "MicBeach.Entity.Sys", "Application\Infrastructure\Model\Entity\MicBeach.Entity.Sys\MicBeach.Entity.Sys.csproj", "{F86D616B-7FA3-4896-A775-BFC938029930}"
EndProject
Project("{9A19103F-16F7-4668-BE54-9A1E7A4F7556}") = "MicBeach.ViewModel.Common", "Application\Infrastructure\Model\Presentation\MicBeach.ViewModel.Common\MicBeach.ViewModel.Common.csproj", "{324D997C-EFE0-4E3D-A7EB-AEA17DFCB972}"
EndProject
Project("{9A19103F-16F7-4668-BE54-9A1E7A4F7556}") = "MicBeach.ViewModel.Sys", "Application\Infrastructure\Model\Presentation\MicBeach.ViewModel.Sys\MicBeach.ViewModel.Sys.csproj", "{B9D77851-C245-4DA7-9A2D-3132E1B9C4A5}"
EndProject
Project("{9A19103F-16F7-4668-BE54-9A1E7A4F7556}") = "MicBeach.Query.Sys", "Application\Infrastructure\Model\Query\MicBeach.Query.Sys\MicBeach.Query.Sys.csproj", "{898E8B99-D45F-4677-B6FF-83C592043BBA}"
EndProject
Project("{9A19103F-16F7-4668-BE54-9A1E7A4F7556}") = "MicBeach.Repository.Sys", "Application\Infrastructure\Repository\MicBeach.Repository.Sys\MicBeach.Repository.Sys.csproj", "{E525306C-CE1C-4D92-908A-68092368D6F5}"
EndProject
Project("{9A19103F-16F7-4668-BE54-9A1E7A4F7556}") = "Site.Cms", "Application\Site\Site.Cms\Site.Cms.csproj", "{205E73DD-289E-40A3-9753-A97A3D8243B2}"
EndProject
Project("{9A19103F-16F7-4668-BE54-9A1E7A4F7556}") = "MicBeach.Web", "Dev\MicBeach.Web\MicBeach.Web.csproj", "{98BF88BC-37ED-4BC6-A96C-845CA91D3A66}"
EndProject
Project("{9A19103F-16F7-4668-BE54-9A1E7A4F7556}") = "MicBeach.DataValidation", "Dev\MicBeach.DataValidation\MicBeach.DataValidation.csproj", "{42B23553-65F6-4AA9-B54E-8382E175A429}"
EndProject
Project("{9A19103F-16F7-4668-BE54-9A1E7A4F7556}") = "MicBeach.Application.Identity", "Dev\MicBeach.Application.Identity\MicBeach.Application.Identity.csproj", "{10701CC6-8968-4791-9BCE-EE5E0633950B}"
EndProject
Project("{9A19103F-16F7-4668-BE54-9A1E7A4F7556}") = "MicBeach.Serialize.Json.JsonNet", "Dev\MicBeach.Serialize.Json.JsonNet\MicBeach.Serialize.Json.JsonNet.csproj", "{2EB2A890-AE5C-4F3E-97A1-4C743E77A28B}"
EndProject
Project("{9A19103F-16F7-4668-BE54-9A1E7A4F7556}") = "MicBeach.VerificationCode.SkiaSharp", "Dev\MicBeach.VerificationCode.SkiaSharp\MicBeach.VerificationCode.SkiaSharp.csproj", "{24C1DF61-E4E3-4842-8F8F-706B53F99677}"
EndProject
Global
	GlobalSection(SolutionConfigurationPlatforms) = preSolution
		Debug|Any CPU = Debug|Any CPU
		Release|Any CPU = Release|Any CPU
	EndGlobalSection
	GlobalSection(ProjectConfigurationPlatforms) = postSolution
		{3F2CBA28-F581-430B-8900-36E75981D9F5}.Debug|Any CPU.ActiveCfg = Debug|Any CPU
		{3F2CBA28-F581-430B-8900-36E75981D9F5}.Debug|Any CPU.Build.0 = Debug|Any CPU
		{3F2CBA28-F581-430B-8900-36E75981D9F5}.Release|Any CPU.ActiveCfg = Release|Any CPU
		{3F2CBA28-F581-430B-8900-36E75981D9F5}.Release|Any CPU.Build.0 = Release|Any CPU
		{5C9B2A22-12B2-4805-9C5B-75F2DC8E466A}.Debug|Any CPU.ActiveCfg = Debug|Any CPU
		{5C9B2A22-12B2-4805-9C5B-75F2DC8E466A}.Debug|Any CPU.Build.0 = Debug|Any CPU
		{5C9B2A22-12B2-4805-9C5B-75F2DC8E466A}.Release|Any CPU.ActiveCfg = Release|Any CPU
		{5C9B2A22-12B2-4805-9C5B-75F2DC8E466A}.Release|Any CPU.Build.0 = Release|Any CPU
		{99EE3D5D-25B5-457E-8EE9-3753BBF667BA}.Debug|Any CPU.ActiveCfg = Debug|Any CPU
		{99EE3D5D-25B5-457E-8EE9-3753BBF667BA}.Debug|Any CPU.Build.0 = Debug|Any CPU
		{99EE3D5D-25B5-457E-8EE9-3753BBF667BA}.Release|Any CPU.ActiveCfg = Release|Any CPU
		{99EE3D5D-25B5-457E-8EE9-3753BBF667BA}.Release|Any CPU.Build.0 = Release|Any CPU
		{1A349A43-8EE6-4AA0-BB25-BD42C93E3D71}.Debug|Any CPU.ActiveCfg = Debug|Any CPU
		{1A349A43-8EE6-4AA0-BB25-BD42C93E3D71}.Debug|Any CPU.Build.0 = Debug|Any CPU
		{1A349A43-8EE6-4AA0-BB25-BD42C93E3D71}.Release|Any CPU.ActiveCfg = Release|Any CPU
		{1A349A43-8EE6-4AA0-BB25-BD42C93E3D71}.Release|Any CPU.Build.0 = Release|Any CPU
		{53E45F9C-120F-4501-8771-94DD17789662}.Debug|Any CPU.ActiveCfg = Debug|Any CPU
		{53E45F9C-120F-4501-8771-94DD17789662}.Debug|Any CPU.Build.0 = Debug|Any CPU
		{53E45F9C-120F-4501-8771-94DD17789662}.Release|Any CPU.ActiveCfg = Release|Any CPU
		{53E45F9C-120F-4501-8771-94DD17789662}.Release|Any CPU.Build.0 = Release|Any CPU
		{2186B006-BB34-40F7-803B-332A4B9A1ABE}.Debug|Any CPU.ActiveCfg = Debug|Any CPU
		{2186B006-BB34-40F7-803B-332A4B9A1ABE}.Debug|Any CPU.Build.0 = Debug|Any CPU
		{2186B006-BB34-40F7-803B-332A4B9A1ABE}.Release|Any CPU.ActiveCfg = Release|Any CPU
		{2186B006-BB34-40F7-803B-332A4B9A1ABE}.Release|Any CPU.Build.0 = Release|Any CPU
		{5DF3A858-D653-4EE7-AA1B-0501735360C0}.Debug|Any CPU.ActiveCfg = Debug|Any CPU
		{5DF3A858-D653-4EE7-AA1B-0501735360C0}.Debug|Any CPU.Build.0 = Debug|Any CPU
		{5DF3A858-D653-4EE7-AA1B-0501735360C0}.Release|Any CPU.ActiveCfg = Release|Any CPU
		{5DF3A858-D653-4EE7-AA1B-0501735360C0}.Release|Any CPU.Build.0 = Release|Any CPU
		{C404DF2E-7887-43A1-9409-19B97F25807D}.Debug|Any CPU.ActiveCfg = Debug|Any CPU
		{C404DF2E-7887-43A1-9409-19B97F25807D}.Debug|Any CPU.Build.0 = Debug|Any CPU
		{C404DF2E-7887-43A1-9409-19B97F25807D}.Release|Any CPU.ActiveCfg = Release|Any CPU
		{C404DF2E-7887-43A1-9409-19B97F25807D}.Release|Any CPU.Build.0 = Release|Any CPU
		{B4600E83-F050-4F57-8D77-D89E012F8807}.Debug|Any CPU.ActiveCfg = Debug|Any CPU
		{B4600E83-F050-4F57-8D77-D89E012F8807}.Debug|Any CPU.Build.0 = Debug|Any CPU
		{B4600E83-F050-4F57-8D77-D89E012F8807}.Release|Any CPU.ActiveCfg = Release|Any CPU
		{B4600E83-F050-4F57-8D77-D89E012F8807}.Release|Any CPU.Build.0 = Release|Any CPU
		{DCECCAD5-32F4-4516-A077-44692DB0B9C8}.Debug|Any CPU.ActiveCfg = Debug|Any CPU
		{DCECCAD5-32F4-4516-A077-44692DB0B9C8}.Debug|Any CPU.Build.0 = Debug|Any CPU
		{DCECCAD5-32F4-4516-A077-44692DB0B9C8}.Release|Any CPU.ActiveCfg = Release|Any CPU
		{DCECCAD5-32F4-4516-A077-44692DB0B9C8}.Release|Any CPU.Build.0 = Release|Any CPU
		{917CC802-A22B-4BC9-85F3-D5173D2644EC}.Debug|Any CPU.ActiveCfg = Debug|Any CPU
		{917CC802-A22B-4BC9-85F3-D5173D2644EC}.Debug|Any CPU.Build.0 = Debug|Any CPU
		{917CC802-A22B-4BC9-85F3-D5173D2644EC}.Release|Any CPU.ActiveCfg = Release|Any CPU
		{917CC802-A22B-4BC9-85F3-D5173D2644EC}.Release|Any CPU.Build.0 = Release|Any CPU
		{1B599312-5CBF-492C-8369-0644A42C4553}.Debug|Any CPU.ActiveCfg = Debug|Any CPU
		{1B599312-5CBF-492C-8369-0644A42C4553}.Debug|Any CPU.Build.0 = Debug|Any CPU
		{1B599312-5CBF-492C-8369-0644A42C4553}.Release|Any CPU.ActiveCfg = Release|Any CPU
		{1B599312-5CBF-492C-8369-0644A42C4553}.Release|Any CPU.Build.0 = Release|Any CPU
		{AF9DA2ED-8120-49C6-A148-D44DE32664F5}.Debug|Any CPU.ActiveCfg = Debug|Any CPU
		{AF9DA2ED-8120-49C6-A148-D44DE32664F5}.Debug|Any CPU.Build.0 = Debug|Any CPU
		{AF9DA2ED-8120-49C6-A148-D44DE32664F5}.Release|Any CPU.ActiveCfg = Release|Any CPU
		{AF9DA2ED-8120-49C6-A148-D44DE32664F5}.Release|Any CPU.Build.0 = Release|Any CPU
		{9107F40E-FEDB-4022-BC56-236FF554C222}.Debug|Any CPU.ActiveCfg = Debug|Any CPU
		{9107F40E-FEDB-4022-BC56-236FF554C222}.Debug|Any CPU.Build.0 = Debug|Any CPU
		{9107F40E-FEDB-4022-BC56-236FF554C222}.Release|Any CPU.ActiveCfg = Release|Any CPU
		{9107F40E-FEDB-4022-BC56-236FF554C222}.Release|Any CPU.Build.0 = Release|Any CPU
		{8B292CF5-CF10-439C-9C64-292956E8108C}.Debug|Any CPU.ActiveCfg = Debug|Any CPU
		{8B292CF5-CF10-439C-9C64-292956E8108C}.Debug|Any CPU.Build.0 = Debug|Any CPU
		{8B292CF5-CF10-439C-9C64-292956E8108C}.Release|Any CPU.ActiveCfg = Release|Any CPU
		{8B292CF5-CF10-439C-9C64-292956E8108C}.Release|Any CPU.Build.0 = Release|Any CPU
		{ABE4EC60-0EAC-44F7-ADD5-4DAFD759E713}.Debug|Any CPU.ActiveCfg = Debug|Any CPU
		{ABE4EC60-0EAC-44F7-ADD5-4DAFD759E713}.Debug|Any CPU.Build.0 = Debug|Any CPU
		{ABE4EC60-0EAC-44F7-ADD5-4DAFD759E713}.Release|Any CPU.ActiveCfg = Release|Any CPU
		{ABE4EC60-0EAC-44F7-ADD5-4DAFD759E713}.Release|Any CPU.Build.0 = Release|Any CPU
		{2AC7FFCE-BA23-42C8-99B3-3F8EC3FAE8D1}.Debug|Any CPU.ActiveCfg = Debug|Any CPU
		{2AC7FFCE-BA23-42C8-99B3-3F8EC3FAE8D1}.Debug|Any CPU.Build.0 = Debug|Any CPU
		{2AC7FFCE-BA23-42C8-99B3-3F8EC3FAE8D1}.Release|Any CPU.ActiveCfg = Release|Any CPU
		{2AC7FFCE-BA23-42C8-99B3-3F8EC3FAE8D1}.Release|Any CPU.Build.0 = Release|Any CPU
		{F86D616B-7FA3-4896-A775-BFC938029930}.Debug|Any CPU.ActiveCfg = Debug|Any CPU
		{F86D616B-7FA3-4896-A775-BFC938029930}.Debug|Any CPU.Build.0 = Debug|Any CPU
		{F86D616B-7FA3-4896-A775-BFC938029930}.Release|Any CPU.ActiveCfg = Release|Any CPU
		{F86D616B-7FA3-4896-A775-BFC938029930}.Release|Any CPU.Build.0 = Release|Any CPU
		{324D997C-EFE0-4E3D-A7EB-AEA17DFCB972}.Debug|Any CPU.ActiveCfg = Debug|Any CPU
		{324D997C-EFE0-4E3D-A7EB-AEA17DFCB972}.Debug|Any CPU.Build.0 = Debug|Any CPU
		{324D997C-EFE0-4E3D-A7EB-AEA17DFCB972}.Release|Any CPU.ActiveCfg = Release|Any CPU
		{324D997C-EFE0-4E3D-A7EB-AEA17DFCB972}.Release|Any CPU.Build.0 = Release|Any CPU
		{B9D77851-C245-4DA7-9A2D-3132E1B9C4A5}.Debug|Any CPU.ActiveCfg = Debug|Any CPU
		{B9D77851-C245-4DA7-9A2D-3132E1B9C4A5}.Debug|Any CPU.Build.0 = Debug|Any CPU
		{B9D77851-C245-4DA7-9A2D-3132E1B9C4A5}.Release|Any CPU.ActiveCfg = Release|Any CPU
		{B9D77851-C245-4DA7-9A2D-3132E1B9C4A5}.Release|Any CPU.Build.0 = Release|Any CPU
		{898E8B99-D45F-4677-B6FF-83C592043BBA}.Debug|Any CPU.ActiveCfg = Debug|Any CPU
		{898E8B99-D45F-4677-B6FF-83C592043BBA}.Debug|Any CPU.Build.0 = Debug|Any CPU
		{898E8B99-D45F-4677-B6FF-83C592043BBA}.Release|Any CPU.ActiveCfg = Release|Any CPU
		{898E8B99-D45F-4677-B6FF-83C592043BBA}.Release|Any CPU.Build.0 = Release|Any CPU
		{E525306C-CE1C-4D92-908A-68092368D6F5}.Debug|Any CPU.ActiveCfg = Debug|Any CPU
		{E525306C-CE1C-4D92-908A-68092368D6F5}.Debug|Any CPU.Build.0 = Debug|Any CPU
		{E525306C-CE1C-4D92-908A-68092368D6F5}.Release|Any CPU.ActiveCfg = Release|Any CPU
		{E525306C-CE1C-4D92-908A-68092368D6F5}.Release|Any CPU.Build.0 = Release|Any CPU
		{205E73DD-289E-40A3-9753-A97A3D8243B2}.Debug|Any CPU.ActiveCfg = Debug|Any CPU
		{205E73DD-289E-40A3-9753-A97A3D8243B2}.Debug|Any CPU.Build.0 = Debug|Any CPU
		{205E73DD-289E-40A3-9753-A97A3D8243B2}.Release|Any CPU.ActiveCfg = Release|Any CPU
		{205E73DD-289E-40A3-9753-A97A3D8243B2}.Release|Any CPU.Build.0 = Release|Any CPU
		{98BF88BC-37ED-4BC6-A96C-845CA91D3A66}.Debug|Any CPU.ActiveCfg = Debug|Any CPU
		{98BF88BC-37ED-4BC6-A96C-845CA91D3A66}.Debug|Any CPU.Build.0 = Debug|Any CPU
		{98BF88BC-37ED-4BC6-A96C-845CA91D3A66}.Release|Any CPU.ActiveCfg = Release|Any CPU
		{98BF88BC-37ED-4BC6-A96C-845CA91D3A66}.Release|Any CPU.Build.0 = Release|Any CPU
		{42B23553-65F6-4AA9-B54E-8382E175A429}.Debug|Any CPU.ActiveCfg = Debug|Any CPU
		{42B23553-65F6-4AA9-B54E-8382E175A429}.Debug|Any CPU.Build.0 = Debug|Any CPU
		{42B23553-65F6-4AA9-B54E-8382E175A429}.Release|Any CPU.ActiveCfg = Release|Any CPU
		{42B23553-65F6-4AA9-B54E-8382E175A429}.Release|Any CPU.Build.0 = Release|Any CPU
		{10701CC6-8968-4791-9BCE-EE5E0633950B}.Debug|Any CPU.ActiveCfg = Debug|Any CPU
		{10701CC6-8968-4791-9BCE-EE5E0633950B}.Debug|Any CPU.Build.0 = Debug|Any CPU
		{10701CC6-8968-4791-9BCE-EE5E0633950B}.Release|Any CPU.ActiveCfg = Release|Any CPU
		{10701CC6-8968-4791-9BCE-EE5E0633950B}.Release|Any CPU.Build.0 = Release|Any CPU
		{2EB2A890-AE5C-4F3E-97A1-4C743E77A28B}.Debug|Any CPU.ActiveCfg = Debug|Any CPU
		{2EB2A890-AE5C-4F3E-97A1-4C743E77A28B}.Debug|Any CPU.Build.0 = Debug|Any CPU
		{2EB2A890-AE5C-4F3E-97A1-4C743E77A28B}.Release|Any CPU.ActiveCfg = Release|Any CPU
		{2EB2A890-AE5C-4F3E-97A1-4C743E77A28B}.Release|Any CPU.Build.0 = Release|Any CPU
		{24C1DF61-E4E3-4842-8F8F-706B53F99677}.Debug|Any CPU.ActiveCfg = Debug|Any CPU
		{24C1DF61-E4E3-4842-8F8F-706B53F99677}.Debug|Any CPU.Build.0 = Debug|Any CPU
		{24C1DF61-E4E3-4842-8F8F-706B53F99677}.Release|Any CPU.ActiveCfg = Release|Any CPU
		{24C1DF61-E4E3-4842-8F8F-706B53F99677}.Release|Any CPU.Build.0 = Release|Any CPU
	EndGlobalSection
	GlobalSection(SolutionProperties) = preSolution
		HideSolutionNode = FALSE
	EndGlobalSection
	GlobalSection(NestedProjects) = preSolution
		{3F2CBA28-F581-430B-8900-36E75981D9F5} = {E62585D9-8C1A-46FD-B529-86D742BD7C3D}
		{5C9B2A22-12B2-4805-9C5B-75F2DC8E466A} = {51E41C06-0583-46DD-8704-DA03B979ED1E}
		{99EE3D5D-25B5-457E-8EE9-3753BBF667BA} = {3AEC17BA-3257-4161-9924-7A97AB45BA76}
		{1A349A43-8EE6-4AA0-BB25-BD42C93E3D71} = {3AEC17BA-3257-4161-9924-7A97AB45BA76}
		{53E45F9C-120F-4501-8771-94DD17789662} = {3AEC17BA-3257-4161-9924-7A97AB45BA76}
		{8B6B2A3C-2AD8-4F4C-8ECE-222BFD6ACD3D} = {C6F632EA-9231-4272-A421-88683A6FC529}
		{206374A2-D876-4366-9E51-36810028E3EF} = {C6F632EA-9231-4272-A421-88683A6FC529}
		{C3A79B13-D4F6-43B3-9034-8F77D8DCEB2D} = {C6F632EA-9231-4272-A421-88683A6FC529}
		{C88F887E-3157-4AD8-A1DC-1329C768F169} = {206374A2-D876-4366-9E51-36810028E3EF}
		{0798567D-2294-4FA5-8CDF-2AC8E9E8D559} = {206374A2-D876-4366-9E51-36810028E3EF}
		{DF0B13A1-F52B-4610-A326-4E55C655A67D} = {C88F887E-3157-4AD8-A1DC-1329C768F169}
		{DF3BA87E-5CAA-4DBE-AF83-3BBAEC2C9B3E} = {C88F887E-3157-4AD8-A1DC-1329C768F169}
		{2186B006-BB34-40F7-803B-332A4B9A1ABE} = {DF0B13A1-F52B-4610-A326-4E55C655A67D}
		{5DF3A858-D653-4EE7-AA1B-0501735360C0} = {DF3BA87E-5CAA-4DBE-AF83-3BBAEC2C9B3E}
		{C404DF2E-7887-43A1-9409-19B97F25807D} = {0798567D-2294-4FA5-8CDF-2AC8E9E8D559}
		{C56E5EF7-DEE7-44CD-89B9-3E00FE6CFDF0} = {C3A79B13-D4F6-43B3-9034-8F77D8DCEB2D}
		{0F75C44C-12D7-4DDE-B48C-99FF871BF534} = {C3A79B13-D4F6-43B3-9034-8F77D8DCEB2D}
		{8AF257F4-8994-4218-963D-8FC33A4BDA99} = {C3A79B13-D4F6-43B3-9034-8F77D8DCEB2D}
		{86356174-BBC9-42AF-9DC6-A520600EE40F} = {C3A79B13-D4F6-43B3-9034-8F77D8DCEB2D}
		{C761871D-A1B5-4F4F-BCB0-63658CE1430A} = {C3A79B13-D4F6-43B3-9034-8F77D8DCEB2D}
		{B4600E83-F050-4F57-8D77-D89E012F8807} = {C56E5EF7-DEE7-44CD-89B9-3E00FE6CFDF0}
		{DCECCAD5-32F4-4516-A077-44692DB0B9C8} = {C56E5EF7-DEE7-44CD-89B9-3E00FE6CFDF0}
		{917CC802-A22B-4BC9-85F3-D5173D2644EC} = {C56E5EF7-DEE7-44CD-89B9-3E00FE6CFDF0}
		{1B599312-5CBF-492C-8369-0644A42C4553} = {C56E5EF7-DEE7-44CD-89B9-3E00FE6CFDF0}
		{8A4AD8E0-ABBF-460C-AE35-A56039761C3E} = {0F75C44C-12D7-4DDE-B48C-99FF871BF534}
		{0E985654-AE0C-4694-B76D-741FCCF21C83} = {0F75C44C-12D7-4DDE-B48C-99FF871BF534}
		{B88538B1-DAD3-47CF-B101-19808307ADBF} = {0F75C44C-12D7-4DDE-B48C-99FF871BF534}
		{AF9DA2ED-8120-49C6-A148-D44DE32664F5} = {8A4AD8E0-ABBF-460C-AE35-A56039761C3E}
		{9107F40E-FEDB-4022-BC56-236FF554C222} = {0E985654-AE0C-4694-B76D-741FCCF21C83}
		{8B292CF5-CF10-439C-9C64-292956E8108C} = {B88538B1-DAD3-47CF-B101-19808307ADBF}
		{ABE4EC60-0EAC-44F7-ADD5-4DAFD759E713} = {8AF257F4-8994-4218-963D-8FC33A4BDA99}
		{7F9D3FB8-A9AE-42B1-8FFF-807ADF44D746} = {86356174-BBC9-42AF-9DC6-A520600EE40F}
		{5C9F83F5-3A8F-47DD-9A04-7E12B659ED11} = {86356174-BBC9-42AF-9DC6-A520600EE40F}
		{A177E204-07B1-424B-89BB-E04A04C583A7} = {86356174-BBC9-42AF-9DC6-A520600EE40F}
		{B27736E9-7B75-4AD6-BF08-C88FB99EC98E} = {86356174-BBC9-42AF-9DC6-A520600EE40F}
		{2AC7FFCE-BA23-42C8-99B3-3F8EC3FAE8D1} = {7F9D3FB8-A9AE-42B1-8FFF-807ADF44D746}
		{F86D616B-7FA3-4896-A775-BFC938029930} = {5C9F83F5-3A8F-47DD-9A04-7E12B659ED11}
		{324D997C-EFE0-4E3D-A7EB-AEA17DFCB972} = {A177E204-07B1-424B-89BB-E04A04C583A7}
		{B9D77851-C245-4DA7-9A2D-3132E1B9C4A5} = {A177E204-07B1-424B-89BB-E04A04C583A7}
		{898E8B99-D45F-4677-B6FF-83C592043BBA} = {B27736E9-7B75-4AD6-BF08-C88FB99EC98E}
		{E525306C-CE1C-4D92-908A-68092368D6F5} = {C761871D-A1B5-4F4F-BCB0-63658CE1430A}
		{205E73DD-289E-40A3-9753-A97A3D8243B2} = {8B6B2A3C-2AD8-4F4C-8ECE-222BFD6ACD3D}
		{98BF88BC-37ED-4BC6-A96C-845CA91D3A66} = {E62585D9-8C1A-46FD-B529-86D742BD7C3D}
		{42B23553-65F6-4AA9-B54E-8382E175A429} = {E62585D9-8C1A-46FD-B529-86D742BD7C3D}
		{10701CC6-8968-4791-9BCE-EE5E0633950B} = {E62585D9-8C1A-46FD-B529-86D742BD7C3D}
		{2EB2A890-AE5C-4F3E-97A1-4C743E77A28B} = {E62585D9-8C1A-46FD-B529-86D742BD7C3D}
		{24C1DF61-E4E3-4842-8F8F-706B53F99677} = {E62585D9-8C1A-46FD-B529-86D742BD7C3D}
	EndGlobalSection
	GlobalSection(ExtensibilityGlobals) = postSolution
		SolutionGuid = {1956999D-981B-4802-B054-64E8A68E1C67}
	EndGlobalSection
EndGlobal
